
Microsoft Visual Studio Solution File, Format Version 12.00
# Visual Studio Version 17
VisualStudioVersion = 17.12.35506.116
MinimumVisualStudioVersion = 10.0.40219.1
Project("{FAE04EC0-301F-11D3-BF4B-00C04F79EFBC}") = "Pracownicy", "Pracownicy\Pracownicy.csproj", "{122A1B46-5F96-44E6-91E2-FD29A0917D3D}"
EndProject
Project("{FAE04EC0-301F-11D3-BF4B-00C04F79EFBC}") = "PracownicyTest", "PracownicyTest\PracownicyTest.csproj", "{3BF7E319-1007-4620-9687-D74991C6EC07}"
EndProject
Global
	GlobalSection(SolutionConfigurationPlatforms) = preSolution
		Debug|Any CPU = Debug|Any CPU
		Release|Any CPU = Release|Any CPU
	EndGlobalSection
	GlobalSection(ProjectConfigurationPlatforms) = postSolution
		{122A1B46-5F96-44E6-91E2-FD29A0917D3D}.Debug|Any CPU.ActiveCfg = Debug|Any CPU
		{122A1B46-5F96-44E6-91E2-FD29A0917D3D}.Debug|Any CPU.Build.0 = Debug|Any CPU
		{122A1B46-5F96-44E6-91E2-FD29A0917D3D}.Release|Any CPU.ActiveCfg = Release|Any CPU
		{122A1B46-5F96-44E6-91E2-FD29A0917D3D}.Release|Any CPU.Build.0 = Release|Any CPU
		{3BF7E319-1007-4620-9687-D74991C6EC07}.Debug|Any CPU.ActiveCfg = Debug|Any CPU
		{3BF7E319-1007-4620-9687-D74991C6EC07}.Debug|Any CPU.Build.0 = Debug|Any CPU
		{3BF7E319-1007-4620-9687-D74991C6EC07}.Release|Any CPU.ActiveCfg = Release|Any CPU
		{3BF7E319-1007-4620-9687-D74991C6EC07}.Release|Any CPU.Build.0 = Release|Any CPU
	EndGlobalSection
	GlobalSection(SolutionProperties) = preSolution
		HideSolutionNode = FALSE
	EndGlobalSection
EndGlobal
